
Microsoft Visual Studio Solution File, Format Version 12.00
# Visual Studio 2013
VisualStudioVersion = 12.0.21005.1
MinimumVisualStudioVersion = 10.0.40219.1
Project("{8BC9CEB8-8B4A-11D0-8D11-00A0C91BC942}") = "CPT", "CPT\CPT.vcxproj", "{B7219F2D-5DC1-41A7-A8D1-BA2739D21BF7}"
EndProject
Project("{8BC9CEB8-8B4A-11D0-8D11-00A0C91BC942}") = "CPT.Core", "CPT.Core\CPT.Core.vcxproj", "{8B63747F-4DBD-4C55-8DD9-42D2A64B8285}"
EndProject
Project("{8BC9CEB8-8B4A-11D0-8D11-00A0C91BC942}") = "CPT.Configuration", "CPT.Configuration\CPT.Configuration.vcxproj", "{118F2E5C-CDF4-47E2-9066-A0FD54D7AE28}"
EndProject
Global
	GlobalSection(SolutionConfigurationPlatforms) = preSolution
		Debug|Win32 = Debug|Win32
		Release|Win32 = Release|Win32
	EndGlobalSection
	GlobalSection(ProjectConfigurationPlatforms) = postSolution
		{B7219F2D-5DC1-41A7-A8D1-BA2739D21BF7}.Debug|Win32.ActiveCfg = Debug|Win32
		{B7219F2D-5DC1-41A7-A8D1-BA2739D21BF7}.Debug|Win32.Build.0 = Debug|Win32
		{B7219F2D-5DC1-41A7-A8D1-BA2739D21BF7}.Release|Win32.ActiveCfg = Release|Win32
		{B7219F2D-5DC1-41A7-A8D1-BA2739D21BF7}.Release|Win32.Build.0 = Release|Win32
		{8B63747F-4DBD-4C55-8DD9-42D2A64B8285}.Debug|Win32.ActiveCfg = Debug|Win32
		{8B63747F-4DBD-4C55-8DD9-42D2A64B8285}.Debug|Win32.Build.0 = Debug|Win32
		{8B63747F-4DBD-4C55-8DD9-42D2A64B8285}.Release|Win32.ActiveCfg = Release|Win32
		{8B63747F-4DBD-4C55-8DD9-42D2A64B8285}.Release|Win32.Build.0 = Release|Win32
		{118F2E5C-CDF4-47E2-9066-A0FD54D7AE28}.Debug|Win32.ActiveCfg = Debug|Win32
		{118F2E5C-CDF4-47E2-9066-A0FD54D7AE28}.Debug|Win32.Build.0 = Debug|Win32
		{118F2E5C-CDF4-47E2-9066-A0FD54D7AE28}.Release|Win32.ActiveCfg = Release|Win32
		{118F2E5C-CDF4-47E2-9066-A0FD54D7AE28}.Release|Win32.Build.0 = Release|Win32
	EndGlobalSection
	GlobalSection(SolutionProperties) = preSolution
		HideSolutionNode = FALSE
	EndGlobalSection
EndGlobal
